
Microsoft Visual Studio Solution File, Format Version 12.00
# Visual Studio Version 17
VisualStudioVersion = 17.14.36915.13
MinimumVisualStudioVersion = 10.0.40219.1
Project("{FAE04EC0-301F-11D3-BF4B-00C04F79EFBC}") = "MinecraftSkinsSite", "MinecraftSkinsSite\MinecraftSkinsSite.csproj", "{D23BDB4A-F94C-41A1-A172-002E98F3B2E6}"
EndProject
Global
	GlobalSection(SolutionConfigurationPlatforms) = preSolution
		Debug|Any CPU = Debug|Any CPU
		Release|Any CPU = Release|Any CPU
	EndGlobalSection
	GlobalSection(ProjectConfigurationPlatforms) = postSolution
		{D23BDB4A-F94C-41A1-A172-002E98F3B2E6}.Debug|Any CPU.ActiveCfg = Debug|Any CPU
		{D23BDB4A-F94C-41A1-A172-002E98F3B2E6}.Debug|Any CPU.Build.0 = Debug|Any CPU
		{D23BDB4A-F94C-41A1-A172-002E98F3B2E6}.Release|Any CPU.ActiveCfg = Release|Any CPU
		{D23BDB4A-F94C-41A1-A172-002E98F3B2E6}.Release|Any CPU.Build.0 = Release|Any CPU
	EndGlobalSection
	GlobalSection(SolutionProperties) = preSolution
		HideSolutionNode = FALSE
	EndGlobalSection
	GlobalSection(ExtensibilityGlobals) = postSolution
		SolutionGuid = {A685DAC1-44C3-464C-AEE4-D1FB9528EB3C}
	EndGlobalSection
EndGlobal
